
Microsoft Visual Studio Solution File, Format Version 12.00
# Visual Studio Version 16
VisualStudioVersion = 16.0.30225.117
MinimumVisualStudioVersion = 10.0.40219.1
Project("{9A19103F-16F7-4668-BE54-9A1E7A4F7556}") = "API", "PersonelManagerAPI\API.csproj", "{CB95ECE2-AC3C-4ADF-ABF4-0BDDF4EA473B}"
EndProject
Project("{FAE04EC0-301F-11D3-BF4B-00C04F79EFBC}") = "Desktop", "PersonalManagerDesktop\Desktop.csproj", "{91E9D3DC-10E4-43DF-9536-795C727C1BDB}"
EndProject
Project("{FAE04EC0-301F-11D3-BF4B-00C04F79EFBC}") = "API.test", "API.tests\API.test.csproj", "{A4620CB9-0A79-4AAA-ACAE-6A33715EFFA6}"
EndProject
Project("{FAE04EC0-301F-11D3-BF4B-00C04F79EFBC}") = "Desktop.test", "Desktop.test\Desktop.test.csproj", "{E798541D-BF18-472B-B6F1-133F66C277DD}"
EndProject
Global
	GlobalSection(SolutionConfigurationPlatforms) = preSolution
		Debug|Any CPU = Debug|Any CPU
		Release|Any CPU = Release|Any CPU
	EndGlobalSection
	GlobalSection(ProjectConfigurationPlatforms) = postSolution
		{CB95ECE2-AC3C-4ADF-ABF4-0BDDF4EA473B}.Debug|Any CPU.ActiveCfg = Debug|Any CPU
		{CB95ECE2-AC3C-4ADF-ABF4-0BDDF4EA473B}.Debug|Any CPU.Build.0 = Debug|Any CPU
		{CB95ECE2-AC3C-4ADF-ABF4-0BDDF4EA473B}.Release|Any CPU.ActiveCfg = Release|Any CPU
		{CB95ECE2-AC3C-4ADF-ABF4-0BDDF4EA473B}.Release|Any CPU.Build.0 = Release|Any CPU
		{91E9D3DC-10E4-43DF-9536-795C727C1BDB}.Debug|Any CPU.ActiveCfg = Debug|Any CPU
		{91E9D3DC-10E4-43DF-9536-795C727C1BDB}.Debug|Any CPU.Build.0 = Debug|Any CPU
		{91E9D3DC-10E4-43DF-9536-795C727C1BDB}.Release|Any CPU.ActiveCfg = Release|Any CPU
		{91E9D3DC-10E4-43DF-9536-795C727C1BDB}.Release|Any CPU.Build.0 = Release|Any CPU
		{A4620CB9-0A79-4AAA-ACAE-6A33715EFFA6}.Debug|Any CPU.ActiveCfg = Debug|Any CPU
		{A4620CB9-0A79-4AAA-ACAE-6A33715EFFA6}.Debug|Any CPU.Build.0 = Debug|Any CPU
		{A4620CB9-0A79-4AAA-ACAE-6A33715EFFA6}.Release|Any CPU.ActiveCfg = Release|Any CPU
		{A4620CB9-0A79-4AAA-ACAE-6A33715EFFA6}.Release|Any CPU.Build.0 = Release|Any CPU
		{E798541D-BF18-472B-B6F1-133F66C277DD}.Debug|Any CPU.ActiveCfg = Debug|Any CPU
		{E798541D-BF18-472B-B6F1-133F66C277DD}.Debug|Any CPU.Build.0 = Debug|Any CPU
		{E798541D-BF18-472B-B6F1-133F66C277DD}.Release|Any CPU.ActiveCfg = Release|Any CPU
		{E798541D-BF18-472B-B6F1-133F66C277DD}.Release|Any CPU.Build.0 = Release|Any CPU
	EndGlobalSection
	GlobalSection(SolutionProperties) = preSolution
		HideSolutionNode = FALSE
	EndGlobalSection
	GlobalSection(ExtensibilityGlobals) = postSolution
		SolutionGuid = {029AF220-AF36-4D76-B451-4472B33128B5}
	EndGlobalSection
EndGlobal
